
Microsoft Visual Studio Solution File, Format Version 12.00
# Visual Studio Version 17
VisualStudioVersion = 17.1.32210.238
MinimumVisualStudioVersion = 10.0.40219.1
Project("{FAE04EC0-301F-11D3-BF4B-00C04F79EFBC}") = "Logical programs", "Logical programs\Logical programs.csproj", "{FE6436BD-0DA5-4D01-A925-437113B63083}"
EndProject
Global
	GlobalSection(SolutionConfigurationPlatforms) = preSolution
		Debug|Any CPU = Debug|Any CPU
		Release|Any CPU = Release|Any CPU
	EndGlobalSection
	GlobalSection(ProjectConfigurationPlatforms) = postSolution
		{FE6436BD-0DA5-4D01-A925-437113B63083}.Debug|Any CPU.ActiveCfg = Debug|Any CPU
		{FE6436BD-0DA5-4D01-A925-437113B63083}.Debug|Any CPU.Build.0 = Debug|Any CPU
		{FE6436BD-0DA5-4D01-A925-437113B63083}.Release|Any CPU.ActiveCfg = Release|Any CPU
		{FE6436BD-0DA5-4D01-A925-437113B63083}.Release|Any CPU.Build.0 = Release|Any CPU
	EndGlobalSection
	GlobalSection(SolutionProperties) = preSolution
		HideSolutionNode = FALSE
	EndGlobalSection
	GlobalSection(ExtensibilityGlobals) = postSolution
		SolutionGuid = {73EA83A5-663D-41B8-99EB-309CF9FBF2E6}
	EndGlobalSection
EndGlobal
